
Microsoft Visual Studio Solution File, Format Version 12.00
# Visual Studio Version 17
VisualStudioVersion = 17.2.32616.157
MinimumVisualStudioVersion = 10.0.40219.1
Project("{9A19103F-16F7-4668-BE54-9A1E7A4F7556}") = "MISA.WEB06.CRM", "MISA.WEB06.CRM\MISA.WEB06.CRM.csproj", "{337C50C2-0A8B-4B63-8C0A-E2DF0B888F7B}"
EndProject
Project("{FAE04EC0-301F-11D3-BF4B-00C04F79EFBC}") = "MISA.WEB06.API", "MISA.WEB06.API\MISA.WEB06.API.csproj", "{0D8B9179-E856-4692-89D4-2B62BA523E67}"
EndProject
Project("{FAE04EC0-301F-11D3-BF4B-00C04F79EFBC}") = "MISA.BLL", "MISA.BLL\MISA.BLL.csproj", "{1DDD1FDD-07BF-4B69-97F9-2D76BFEF5CBD}"
EndProject
Project("{FAE04EC0-301F-11D3-BF4B-00C04F79EFBC}") = "MISA.DL", "MISA.DL\MISA.DL.csproj", "{D71C0394-505B-44BF-9950-D9865913A1D0}"
EndProject
Project("{FAE04EC0-301F-11D3-BF4B-00C04F79EFBC}") = "MISA.Common", "MISA.Common\MISA.Common.csproj", "{CC9D1A45-0597-4364-B3E9-1A138F1DE0B3}"
EndProject
Global
	GlobalSection(SolutionConfigurationPlatforms) = preSolution
		Debug|Any CPU = Debug|Any CPU
		Release|Any CPU = Release|Any CPU
	EndGlobalSection
	GlobalSection(ProjectConfigurationPlatforms) = postSolution
		{337C50C2-0A8B-4B63-8C0A-E2DF0B888F7B}.Debug|Any CPU.ActiveCfg = Debug|Any CPU
		{337C50C2-0A8B-4B63-8C0A-E2DF0B888F7B}.Debug|Any CPU.Build.0 = Debug|Any CPU
		{337C50C2-0A8B-4B63-8C0A-E2DF0B888F7B}.Release|Any CPU.ActiveCfg = Release|Any CPU
		{337C50C2-0A8B-4B63-8C0A-E2DF0B888F7B}.Release|Any CPU.Build.0 = Release|Any CPU
		{0D8B9179-E856-4692-89D4-2B62BA523E67}.Debug|Any CPU.ActiveCfg = Debug|Any CPU
		{0D8B9179-E856-4692-89D4-2B62BA523E67}.Debug|Any CPU.Build.0 = Debug|Any CPU
		{0D8B9179-E856-4692-89D4-2B62BA523E67}.Release|Any CPU.ActiveCfg = Release|Any CPU
		{0D8B9179-E856-4692-89D4-2B62BA523E67}.Release|Any CPU.Build.0 = Release|Any CPU
		{1DDD1FDD-07BF-4B69-97F9-2D76BFEF5CBD}.Debug|Any CPU.ActiveCfg = Debug|Any CPU
		{1DDD1FDD-07BF-4B69-97F9-2D76BFEF5CBD}.Debug|Any CPU.Build.0 = Debug|Any CPU
		{1DDD1FDD-07BF-4B69-97F9-2D76BFEF5CBD}.Release|Any CPU.ActiveCfg = Release|Any CPU
		{1DDD1FDD-07BF-4B69-97F9-2D76BFEF5CBD}.Release|Any CPU.Build.0 = Release|Any CPU
		{D71C0394-505B-44BF-9950-D9865913A1D0}.Debug|Any CPU.ActiveCfg = Debug|Any CPU
		{D71C0394-505B-44BF-9950-D9865913A1D0}.Debug|Any CPU.Build.0 = Debug|Any CPU
		{D71C0394-505B-44BF-9950-D9865913A1D0}.Release|Any CPU.ActiveCfg = Release|Any CPU
		{D71C0394-505B-44BF-9950-D9865913A1D0}.Release|Any CPU.Build.0 = Release|Any CPU
		{CC9D1A45-0597-4364-B3E9-1A138F1DE0B3}.Debug|Any CPU.ActiveCfg = Debug|Any CPU
		{CC9D1A45-0597-4364-B3E9-1A138F1DE0B3}.Debug|Any CPU.Build.0 = Debug|Any CPU
		{CC9D1A45-0597-4364-B3E9-1A138F1DE0B3}.Release|Any CPU.ActiveCfg = Release|Any CPU
		{CC9D1A45-0597-4364-B3E9-1A138F1DE0B3}.Release|Any CPU.Build.0 = Release|Any CPU
	EndGlobalSection
	GlobalSection(SolutionProperties) = preSolution
		HideSolutionNode = FALSE
	EndGlobalSection
	GlobalSection(ExtensibilityGlobals) = postSolution
		SolutionGuid = {328A2BD5-FEE8-4479-8FA9-0C4C304AF3EC}
	EndGlobalSection
EndGlobal
